github.com/pybuild-org/strprop v0.0.1 h1:eTwEBZm2ZjoVa2BwZch8he8aXmcqm5ta8lgXOLeQGF0=
github.com/pybuild-org/strprop v0.0.1/go.mod h1:iqf+/2zgtTjtvG3eayqu7cir764WB/e/6l8VkRoA830=
github.com/pybuild-org/xmlinterp v0.0.2 h1:ZNZH3sd2BFKdJOKIKfRQcKxHf+94qMXj/3AwR7kg13I=
github.com/pybuild-org/xmlinterp v0.0.2/go.mod h1:3UNArVbzSA2DmJi+6BwsO/bsNhu4y2SWXPLgxl2V/s0=
